
Microsoft Visual Studio Solution File, Format Version 12.00
# Visual Studio Version 16
VisualStudioVersion = 16.0.28803.352
MinimumVisualStudioVersion = 10.0.40219.1
Project("{FAE04EC0-301F-11D3-BF4B-00C04F79EFBC}") = "UnitTestProject1", "UnitTestProject1.csproj", "{05459E2B-D5A1-461A-920E-093DE53E0559}"
EndProject
Global
	GlobalSection(SolutionConfigurationPlatforms) = preSolution
		Debug|Any CPU = Debug|Any CPU
		Release|Any CPU = Release|Any CPU
	EndGlobalSection
	GlobalSection(ProjectConfigurationPlatforms) = postSolution
		{05459E2B-D5A1-461A-920E-093DE53E0559}.Debug|Any CPU.ActiveCfg = Debug|Any CPU
		{05459E2B-D5A1-461A-920E-093DE53E0559}.Debug|Any CPU.Build.0 = Debug|Any CPU
		{05459E2B-D5A1-461A-920E-093DE53E0559}.Release|Any CPU.ActiveCfg = Release|Any CPU
		{05459E2B-D5A1-461A-920E-093DE53E0559}.Release|Any CPU.Build.0 = Release|Any CPU
	EndGlobalSection
	GlobalSection(SolutionProperties) = preSolution
		HideSolutionNode = FALSE
	EndGlobalSection
	GlobalSection(ExtensibilityGlobals) = postSolution
		SolutionGuid = {8484139F-332C-4CA7-86FB-5D7228650868}
	EndGlobalSection
EndGlobal
